
Microsoft Visual Studio Solution File, Format Version 12.00
# Visual Studio Version 17
VisualStudioVersion = 17.13.35818.85
MinimumVisualStudioVersion = 10.0.40219.1
Project("{FAE04EC0-301F-11D3-BF4B-00C04F79EFBC}") = "CA2", "CA2\CA2.csproj", "{CAE59A37-4EFE-48E4-A588-0C04BF94481A}"
EndProject
Project("{FAE04EC0-301F-11D3-BF4B-00C04F79EFBC}") = "CA2 Test", "CA2 Test\CA2 Test.csproj", "{698E0AAD-3399-47D6-8E32-1F5C2AF8E803}"
EndProject
Global
	GlobalSection(SolutionConfigurationPlatforms) = preSolution
		Debug|Any CPU = Debug|Any CPU
		Release|Any CPU = Release|Any CPU
	EndGlobalSection
	GlobalSection(ProjectConfigurationPlatforms) = postSolution
		{CAE59A37-4EFE-48E4-A588-0C04BF94481A}.Debug|Any CPU.ActiveCfg = Debug|Any CPU
		{CAE59A37-4EFE-48E4-A588-0C04BF94481A}.Debug|Any CPU.Build.0 = Debug|Any CPU
		{CAE59A37-4EFE-48E4-A588-0C04BF94481A}.Release|Any CPU.ActiveCfg = Release|Any CPU
		{CAE59A37-4EFE-48E4-A588-0C04BF94481A}.Release|Any CPU.Build.0 = Release|Any CPU
		{698E0AAD-3399-47D6-8E32-1F5C2AF8E803}.Debug|Any CPU.ActiveCfg = Debug|Any CPU
		{698E0AAD-3399-47D6-8E32-1F5C2AF8E803}.Debug|Any CPU.Build.0 = Debug|Any CPU
		{698E0AAD-3399-47D6-8E32-1F5C2AF8E803}.Release|Any CPU.ActiveCfg = Release|Any CPU
		{698E0AAD-3399-47D6-8E32-1F5C2AF8E803}.Release|Any CPU.Build.0 = Release|Any CPU
	EndGlobalSection
	GlobalSection(SolutionProperties) = preSolution
		HideSolutionNode = FALSE
	EndGlobalSection
	GlobalSection(ExtensibilityGlobals) = postSolution
		SolutionGuid = {E5B84FC3-E85D-41B9-912C-6C6D961E659E}
	EndGlobalSection
EndGlobal
